
Microsoft Visual Studio Solution File, Format Version 12.00
# Visual Studio 15
VisualStudioVersion = 15.0.26730.15
MinimumVisualStudioVersion = 10.0.40219.1
Project("{FAE04EC0-301F-11D3-BF4B-00C04F79EFBC}") = "Task Manager UWP", "Task Manager UWP\Task Manager UWP.csproj", "{BF7C6ABC-3D9B-4B9F-8819-4D8859877B0D}"
EndProject
Project("{FAE04EC0-301F-11D3-BF4B-00C04F79EFBC}") = "UWPMVVMLib", "..\..\..\..\OneDrive\Documents\Projects\UWP\UWPMVVMLib\UWPMVVMLib.csproj", "{D5581A5D-6EE7-4BF8-96F3-224998C9FF12}"
EndProject
Project("{FAE04EC0-301F-11D3-BF4B-00C04F79EFBC}") = "Task Manager UWP.Model", "Task Manager UWP.Model\Task Manager UWP.Model.csproj", "{9569B584-F325-427E-B974-29243003CAAC}"
EndProject
Project("{FAE04EC0-301F-11D3-BF4B-00C04F79EFBC}") = "Task Manager UWP.ViewModel", "Task Manager UWP.ViewModel\Task Manager UWP.ViewModel.csproj", "{4E87EA1B-2100-4166-AA5D-334AB86F22F7}"
EndProject
Project("{FAE04EC0-301F-11D3-BF4B-00C04F79EFBC}") = "Task Manager UWP.Views", "Task Manager UWP.Views\Task Manager UWP.Views.csproj", "{B3FEDA35-E812-4FCC-A40F-CA3B32A2518E}"
EndProject
Project("{FAE04EC0-301F-11D3-BF4B-00C04F79EFBC}") = "Task Manager UWP.Model.Tests", "Task Manager UWP.Model.Tests\Task Manager UWP.Model.Tests.csproj", "{86B6CB14-19CD-46B3-A0F1-01084AC2AE2F}"
EndProject
Global
	GlobalSection(SolutionConfigurationPlatforms) = preSolution
		Debug|Any CPU = Debug|Any CPU
		Debug|ARM = Debug|ARM
		Debug|x64 = Debug|x64
		Debug|x86 = Debug|x86
		Release|Any CPU = Release|Any CPU
		Release|ARM = Release|ARM
		Release|x64 = Release|x64
		Release|x86 = Release|x86
	EndGlobalSection
	GlobalSection(ProjectConfigurationPlatforms) = postSolution
		{BF7C6ABC-3D9B-4B9F-8819-4D8859877B0D}.Debug|Any CPU.ActiveCfg = Debug|x86
		{BF7C6ABC-3D9B-4B9F-8819-4D8859877B0D}.Debug|ARM.ActiveCfg = Debug|ARM
		{BF7C6ABC-3D9B-4B9F-8819-4D8859877B0D}.Debug|ARM.Build.0 = Debug|ARM
		{BF7C6ABC-3D9B-4B9F-8819-4D8859877B0D}.Debug|ARM.Deploy.0 = Debug|ARM
		{BF7C6ABC-3D9B-4B9F-8819-4D8859877B0D}.Debug|x64.ActiveCfg = Debug|x64
		{BF7C6ABC-3D9B-4B9F-8819-4D8859877B0D}.Debug|x64.Build.0 = Debug|x64
		{BF7C6ABC-3D9B-4B9F-8819-4D8859877B0D}.Debug|x64.Deploy.0 = Debug|x64
		{BF7C6ABC-3D9B-4B9F-8819-4D8859877B0D}.Debug|x86.ActiveCfg = Debug|x86
		{BF7C6ABC-3D9B-4B9F-8819-4D8859877B0D}.Debug|x86.Build.0 = Debug|x86
		{BF7C6ABC-3D9B-4B9F-8819-4D8859877B0D}.Debug|x86.Deploy.0 = Debug|x86
		{BF7C6ABC-3D9B-4B9F-8819-4D8859877B0D}.Release|Any CPU.ActiveCfg = Release|x86
		{BF7C6ABC-3D9B-4B9F-8819-4D8859877B0D}.Release|ARM.ActiveCfg = Release|ARM
		{BF7C6ABC-3D9B-4B9F-8819-4D8859877B0D}.Release|ARM.Build.0 = Release|ARM
		{BF7C6ABC-3D9B-4B9F-8819-4D8859877B0D}.Release|ARM.Deploy.0 = Release|ARM
		{BF7C6ABC-3D9B-4B9F-8819-4D8859877B0D}.Release|x64.ActiveCfg = Release|x64
		{BF7C6ABC-3D9B-4B9F-8819-4D8859877B0D}.Release|x64.Build.0 = Release|x64
		{BF7C6ABC-3D9B-4B9F-8819-4D8859877B0D}.Release|x64.Deploy.0 = Release|x64
		{BF7C6ABC-3D9B-4B9F-8819-4D8859877B0D}.Release|x86.ActiveCfg = Release|x86
		{BF7C6ABC-3D9B-4B9F-8819-4D8859877B0D}.Release|x86.Build.0 = Release|x86
		{BF7C6ABC-3D9B-4B9F-8819-4D8859877B0D}.Release|x86.Deploy.0 = Release|x86
		{D5581A5D-6EE7-4BF8-96F3-224998C9FF12}.Debug|Any CPU.ActiveCfg = Debug|Any CPU
		{D5581A5D-6EE7-4BF8-96F3-224998C9FF12}.Debug|Any CPU.Build.0 = Debug|Any CPU
		{D5581A5D-6EE7-4BF8-96F3-224998C9FF12}.Debug|ARM.ActiveCfg = Debug|ARM
		{D5581A5D-6EE7-4BF8-96F3-224998C9FF12}.Debug|ARM.Build.0 = Debug|ARM
		{D5581A5D-6EE7-4BF8-96F3-224998C9FF12}.Debug|x64.ActiveCfg = Debug|x64
		{D5581A5D-6EE7-4BF8-96F3-224998C9FF12}.Debug|x64.Build.0 = Debug|x64
		{D5581A5D-6EE7-4BF8-96F3-224998C9FF12}.Debug|x86.ActiveCfg = Debug|x86
		{D5581A5D-6EE7-4BF8-96F3-224998C9FF12}.Debug|x86.Build.0 = Debug|x86
		{D5581A5D-6EE7-4BF8-96F3-224998C9FF12}.Release|Any CPU.ActiveCfg = Release|Any CPU
		{D5581A5D-6EE7-4BF8-96F3-224998C9FF12}.Release|Any CPU.Build.0 = Release|Any CPU
		{D5581A5D-6EE7-4BF8-96F3-224998C9FF12}.Release|ARM.ActiveCfg = Release|ARM
		{D5581A5D-6EE7-4BF8-96F3-224998C9FF12}.Release|ARM.Build.0 = Release|ARM
		{D5581A5D-6EE7-4BF8-96F3-224998C9FF12}.Release|x64.ActiveCfg = Release|x64
		{D5581A5D-6EE7-4BF8-96F3-224998C9FF12}.Release|x64.Build.0 = Release|x64
		{D5581A5D-6EE7-4BF8-96F3-224998C9FF12}.Release|x86.ActiveCfg = Release|x86
		{D5581A5D-6EE7-4BF8-96F3-224998C9FF12}.Release|x86.Build.0 = Release|x86
		{9569B584-F325-427E-B974-29243003CAAC}.Debug|Any CPU.ActiveCfg = Debug|Any CPU
		{9569B584-F325-427E-B974-29243003CAAC}.Debug|Any CPU.Build.0 = Debug|Any CPU
		{9569B584-F325-427E-B974-29243003CAAC}.Debug|ARM.ActiveCfg = Debug|ARM
		{9569B584-F325-427E-B974-29243003CAAC}.Debug|ARM.Build.0 = Debug|ARM
		{9569B584-F325-427E-B974-29243003CAAC}.Debug|x64.ActiveCfg = Debug|x64
		{9569B584-F325-427E-B974-29243003CAAC}.Debug|x64.Build.0 = Debug|x64
		{9569B584-F325-427E-B974-29243003CAAC}.Debug|x86.ActiveCfg = Debug|x86
		{9569B584-F325-427E-B974-29243003CAAC}.Debug|x86.Build.0 = Debug|x86
		{9569B584-F325-427E-B974-29243003CAAC}.Release|Any CPU.ActiveCfg = Release|Any CPU
		{9569B584-F325-427E-B974-29243003CAAC}.Release|Any CPU.Build.0 = Release|Any CPU
		{9569B584-F325-427E-B974-29243003CAAC}.Release|ARM.ActiveCfg = Release|ARM
		{9569B584-F325-427E-B974-29243003CAAC}.Release|ARM.Build.0 = Release|ARM
		{9569B584-F325-427E-B974-29243003CAAC}.Release|x64.ActiveCfg = Release|x64
		{9569B584-F325-427E-B974-29243003CAAC}.Release|x64.Build.0 = Release|x64
		{9569B584-F325-427E-B974-29243003CAAC}.Release|x86.ActiveCfg = Release|x86
		{9569B584-F325-427E-B974-29243003CAAC}.Release|x86.Build.0 = Release|x86
		{4E87EA1B-2100-4166-AA5D-334AB86F22F7}.Debug|Any CPU.ActiveCfg = Debug|Any CPU
		{4E87EA1B-2100-4166-AA5D-334AB86F22F7}.Debug|Any CPU.Build.0 = Debug|Any CPU
		{4E87EA1B-2100-4166-AA5D-334AB86F22F7}.Debug|ARM.ActiveCfg = Debug|ARM
		{4E87EA1B-2100-4166-AA5D-334AB86F22F7}.Debug|ARM.Build.0 = Debug|ARM
		{4E87EA1B-2100-4166-AA5D-334AB86F22F7}.Debug|x64.ActiveCfg = Debug|x64
		{4E87EA1B-2100-4166-AA5D-334AB86F22F7}.Debug|x64.Build.0 = Debug|x64
		{4E87EA1B-2100-4166-AA5D-334AB86F22F7}.Debug|x86.ActiveCfg = Debug|x86
		{4E87EA1B-2100-4166-AA5D-334AB86F22F7}.Debug|x86.Build.0 = Debug|x86
		{4E87EA1B-2100-4166-AA5D-334AB86F22F7}.Release|Any CPU.ActiveCfg = Release|Any CPU
		{4E87EA1B-2100-4166-AA5D-334AB86F22F7}.Release|Any CPU.Build.0 = Release|Any CPU
		{4E87EA1B-2100-4166-AA5D-334AB86F22F7}.Release|ARM.ActiveCfg = Release|ARM
		{4E87EA1B-2100-4166-AA5D-334AB86F22F7}.Release|ARM.Build.0 = Release|ARM
		{4E87EA1B-2100-4166-AA5D-334AB86F22F7}.Release|x64.ActiveCfg = Release|x64
		{4E87EA1B-2100-4166-AA5D-334AB86F22F7}.Release|x64.Build.0 = Release|x64
		{4E87EA1B-2100-4166-AA5D-334AB86F22F7}.Release|x86.ActiveCfg = Release|x86
		{4E87EA1B-2100-4166-AA5D-334AB86F22F7}.Release|x86.Build.0 = Release|x86
		{B3FEDA35-E812-4FCC-A40F-CA3B32A2518E}.Debug|Any CPU.ActiveCfg = Debug|Any CPU
		{B3FEDA35-E812-4FCC-A40F-CA3B32A2518E}.Debug|Any CPU.Build.0 = Debug|Any CPU
		{B3FEDA35-E812-4FCC-A40F-CA3B32A2518E}.Debug|ARM.ActiveCfg = Debug|ARM
		{B3FEDA35-E812-4FCC-A40F-CA3B32A2518E}.Debug|ARM.Build.0 = Debug|ARM
		{B3FEDA35-E812-4FCC-A40F-CA3B32A2518E}.Debug|x64.ActiveCfg = Debug|x64
		{B3FEDA35-E812-4FCC-A40F-CA3B32A2518E}.Debug|x64.Build.0 = Debug|x64
		{B3FEDA35-E812-4FCC-A40F-CA3B32A2518E}.Debug|x86.ActiveCfg = Debug|x86
		{B3FEDA35-E812-4FCC-A40F-CA3B32A2518E}.Debug|x86.Build.0 = Debug|x86
		{B3FEDA35-E812-4FCC-A40F-CA3B32A2518E}.Release|Any CPU.ActiveCfg = Release|Any CPU
		{B3FEDA35-E812-4FCC-A40F-CA3B32A2518E}.Release|Any CPU.Build.0 = Release|Any CPU
		{B3FEDA35-E812-4FCC-A40F-CA3B32A2518E}.Release|ARM.ActiveCfg = Release|ARM
		{B3FEDA35-E812-4FCC-A40F-CA3B32A2518E}.Release|ARM.Build.0 = Release|ARM
		{B3FEDA35-E812-4FCC-A40F-CA3B32A2518E}.Release|x64.ActiveCfg = Release|x64
		{B3FEDA35-E812-4FCC-A40F-CA3B32A2518E}.Release|x64.Build.0 = Release|x64
		{B3FEDA35-E812-4FCC-A40F-CA3B32A2518E}.Release|x86.ActiveCfg = Release|x86
		{B3FEDA35-E812-4FCC-A40F-CA3B32A2518E}.Release|x86.Build.0 = Release|x86
		{86B6CB14-19CD-46B3-A0F1-01084AC2AE2F}.Debug|Any CPU.ActiveCfg = Debug|x86
		{86B6CB14-19CD-46B3-A0F1-01084AC2AE2F}.Debug|ARM.ActiveCfg = Debug|ARM
		{86B6CB14-19CD-46B3-A0F1-01084AC2AE2F}.Debug|ARM.Build.0 = Debug|ARM
		{86B6CB14-19CD-46B3-A0F1-01084AC2AE2F}.Debug|ARM.Deploy.0 = Debug|ARM
		{86B6CB14-19CD-46B3-A0F1-01084AC2AE2F}.Debug|x64.ActiveCfg = Debug|x64
		{86B6CB14-19CD-46B3-A0F1-01084AC2AE2F}.Debug|x64.Build.0 = Debug|x64
		{86B6CB14-19CD-46B3-A0F1-01084AC2AE2F}.Debug|x64.Deploy.0 = Debug|x64
		{86B6CB14-19CD-46B3-A0F1-01084AC2AE2F}.Debug|x86.ActiveCfg = Debug|x86
		{86B6CB14-19CD-46B3-A0F1-01084AC2AE2F}.Debug|x86.Build.0 = Debug|x86
		{86B6CB14-19CD-46B3-A0F1-01084AC2AE2F}.Debug|x86.Deploy.0 = Debug|x86
		{86B6CB14-19CD-46B3-A0F1-01084AC2AE2F}.Release|Any CPU.ActiveCfg = Release|x86
		{86B6CB14-19CD-46B3-A0F1-01084AC2AE2F}.Release|ARM.ActiveCfg = Release|ARM
		{86B6CB14-19CD-46B3-A0F1-01084AC2AE2F}.Release|ARM.Build.0 = Release|ARM
		{86B6CB14-19CD-46B3-A0F1-01084AC2AE2F}.Release|ARM.Deploy.0 = Release|ARM
		{86B6CB14-19CD-46B3-A0F1-01084AC2AE2F}.Release|x64.ActiveCfg = Release|x64
		{86B6CB14-19CD-46B3-A0F1-01084AC2AE2F}.Release|x64.Build.0 = Release|x64
		{86B6CB14-19CD-46B3-A0F1-01084AC2AE2F}.Release|x64.Deploy.0 = Release|x64
		{86B6CB14-19CD-46B3-A0F1-01084AC2AE2F}.Release|x86.ActiveCfg = Release|x86
		{86B6CB14-19CD-46B3-A0F1-01084AC2AE2F}.Release|x86.Build.0 = Release|x86
		{86B6CB14-19CD-46B3-A0F1-01084AC2AE2F}.Release|x86.Deploy.0 = Release|x86
	EndGlobalSection
	GlobalSection(SolutionProperties) = preSolution
		HideSolutionNode = FALSE
	EndGlobalSection
	GlobalSection(ExtensibilityGlobals) = postSolution
		SolutionGuid = {F27EF17D-7010-41F2-A613-0750143999C2}
	EndGlobalSection
EndGlobal
